---
lockfileVersion: '9.0'

importers:

  .:
    configDependencies: {}
    packageManagerDependencies:
      pnpm:
        specifier: 12.3.3
        version: 12.3.3

packages:

  '@pnpm/exe.darwin-arm64@12.3.3':
    resolution: {integrity: sha512-FnHKvA3LepjcU3mky2popjV8JgrhZ/Py/WF0dmH+2uO77lFj+KFEQkQkLzcRSn8itH9i8LTi1E0OZJA/CU9eLQ==}
    cpu: [arm64]
    os: [darwin]

  '@pnpm/exe.darwin-x64@12.3.3':
    resolution: {integrity: sha512-vAT4Wh79uZhzkSCGdcRlddW5Zt3YfKIYGTiAoKSZtXTAIgXQGGYkuTmG3iYYQSMSAFsCK8rJ34aLXaDK2Uh7gw==}
    cpu: [x64]
    os: [darwin]

  '@pnpm/exe.linux-arm64-musl@12.3.3':
    resolution: {integrity: sha512-isF9Y5uGfC2gdAdj5XMdUDQ8YShG9zgQybPVpmjqrnICvTT80KwHfnSYADrRVPzbwXM26zrtAh1/LbVLM6EbEQ==}
    cpu: [arm64]
    os: [linux]
    libc: [musl]

  '@pnpm/exe.linux-arm64@12.3.3':
    resolution: {integrity: sha512-46I2xLMCHszPJb33dKiuMO0zg1uE2Y6EskhvOShaJsM5eo9JJPaDN0NFKrjZYvo8B7Gp+KzXUJ+6wfjHYBtsvw==}
    cpu: [arm64]
    os: [linux]
    libc: [glibc]

  '@pnpm/exe.linux-x64-musl@12.3.3':
    resolution: {integrity: sha512-FwCxk/fgKfZ317eXT2ymGcciGejNnLx0QtbQSocLYnrhhZHTGZhQU58psrPxfkQqN62vYG92q9y/EMIhSov8ag==}
    cpu: [x64]
    os: [linux]
    libc: [musl]

  '@pnpm/exe.linux-x64@12.3.3':
    resolution: {integrity: sha512-rUNF3OM+H0ovyJK7yR6n1G9bqtNeR/0jW/pU/+TZCuq86Og4u5BRgl0Hr/TAKrp867O3HfoeWB8wDymf40r5wA==}
    cpu: [x64]
    os: [linux]
    libc: [glibc]

  '@pnpm/exe.win32-arm64@12.3.3':
    resolution: {integrity: sha512-yrJXX0a9/EuKUui/pHuoQPhC5DusuzQuJ7fo7bf4zKxnDCRAwgm6dCa83KrnvFPmGSirP6hNJof5rE9y6eu3QQ==}
    cpu: [arm64]
    os: [win32]

  '@pnpm/exe.win32-x64@12.3.3':
    resolution: {integrity: sha512-QJ27NGDhsBoKH0K39vdqagipnomDHmy7g/ARyahzgL31jvCfkX+gM95+v8D+XxeMVzlmFWpyIQOoPOl299Ve+A==}
    cpu: [x64]
    os: [win32]

  pnpm@12.3.3:
    resolution: {integrity: sha512-TQhHMUuFM48DH2YThQ4+YUD8jkEVS34zrhC6tEu9wRsnSIOpZdmJCgTkmtOHEkVV69oEnsJ4/Z75Atrq21qD4g==}
    engines: {node: '>=18.*'}
    hasBin: true

snapshots:

  '@pnpm/exe.darwin-arm64@12.3.3':
    optional: true

  '@pnpm/exe.darwin-x64@12.3.3':
    optional: true

  '@pnpm/exe.linux-arm64-musl@12.3.3':
    optional: true

  '@pnpm/exe.linux-arm64@12.3.3':
    optional: true

  '@pnpm/exe.linux-x64-musl@12.3.3':
    optional: true

  '@pnpm/exe.linux-x64@12.3.3':
    optional: true

  '@pnpm/exe.win32-arm64@12.3.3':
    optional: true

  '@pnpm/exe.win32-x64@12.3.3':
    optional: true

  pnpm@12.3.3:
    optionalDependencies:
      '@pnpm/exe.darwin-arm64': 12.3.3
      '@pnpm/exe.darwin-x64': 12.3.3
      '@pnpm/exe.linux-arm64': 12.3.3
      '@pnpm/exe.linux-arm64-musl': 12.3.3
      '@pnpm/exe.linux-x64': 12.3.3
      '@pnpm/exe.linux-x64-musl': 12.3.3
      '@pnpm/exe.win32-arm64': 12.3.3
      '@pnpm/exe.win32-x64': 12.3.3

---
lockfileVersion: '9.0'

settings:
  autoInstallPeers: true
  excludeLinksFromLockfile: false

importers:

  .:
    dependencies:
      '@jonahsnider/benchmark':
        specifier: 6.0.1
        version: 6.0.1
      '@jonahsnider/util':
        specifier: 13.0.0
        version: 13.0.0
      '@lukeed/ms':
        specifier: 2.0.2
        version: 2.0.2
      byte-size:
        specifier: 9.0.1
        version: 9.0.1
      convert:
        specifier: 8.0.1
        version: 8.0.1
      convert-units:
        specifier: 3.0.0-beta.8
        version: 3.0.0-beta.8
      dayjs:
        specifier: 1.11.23
        version: 1.11.23
      js-quantities:
        specifier: 1.8.0
        version: 1.8.0
      luxon:
        specifier: 3.7.2
        version: 3.7.2
      moment:
        specifier: 2.30.1
        version: 2.30.1
      ms:
        specifier: 2.1.3
        version: 2.1.3
      prettier:
        specifier: 3.9.6
        version: 3.9.6
      safe-units:
        specifier: 2.0.1
        version: 2.0.1
      simple-units:
        specifier: 1.1.5
        version: 1.1.5
      uom:
        specifier: 6.1.0
        version: 6.1.0
      uom-units:
        specifier: 4.5.0
        version: 4.5.0
    devDependencies:
      '@jonahsnider/prettier-config':
        specifier: 2.0.2
        version: 2.0.2(prettier@3.9.6)
      '@tsconfig/node-ts':
        specifier: ^23.6.4
        version: 23.6.4
      '@tsconfig/node26':
        specifier: ^26.0.0
        version: 26.0.1
      '@tsconfig/strictest':
        specifier: 2.0.8
        version: 2.0.8
      '@types/byte-size':
        specifier: 8.1.2
        version: 8.1.2
      '@types/js-quantities':
        specifier: 1.6.6
        version: 1.6.6
      '@types/luxon':
        specifier: 3.7.5
        version: 3.7.5
      '@types/ms':
        specifier: 2.1.0
        version: 2.1.0
      '@types/node':
        specifier: 26.4.1
        version: 26.4.1
      node:
        specifier: runtime:26.x
        version: runtime:26.8.1
      typescript:
        specifier: 7.0.2
        version: 7.0.2

packages:

  '@jonahsnider/benchmark@6.0.1':
    resolution: {integrity: sha512-wthF+hHNxG6vP4iD9ZaZ7RGJrop+ozh/Gupcff89RTTcyp4gyiR2KwVHGToVQceLIs6rNt4dd4hJz+N1SsN7Gg==}
    engines: {node: '>=22.0.0'}

  '@jonahsnider/prettier-config@2.0.2':
    resolution: {integrity: sha512-cv7UWFbvFxFsJTsQfiCLvbTMsbEeDhspuJMiRL+c4JBmASAXGREzAuHhJ1GaaEauhuhUnz3Q8JITwuW4ziIjVg==}
    peerDependencies:
      prettier: ^3.0.0

  '@jonahsnider/util@13.0.0':
    resolution: {integrity: sha512-YqwYSSmrVvUPJfg4CeqJ1wO2guc8aHKKNEAUMwu1OR8w2MUKqZi70jyjD98WN/6Vu1JEQDBoAPpkbkpCCmuV4Q==}
    engines: {node: '>=16'}

  '@lukeed/ms@2.0.2':
    resolution: {integrity: sha512-9I2Zn6+NJLfaGoz9jN3lpwDgAYvfGeNYdbAIjJOqzs4Tpc+VU3Jqq4IofSUBKajiDS8k9fZIg18/z13mpk1bsA==}
    engines: {node: '>=8'}

  '@tsconfig/node-ts@23.6.4':
    resolution: {integrity: sha512-37BMJvNQZ+vTgd1xG2TGBkJ6ENeT4eO4Wh2CHrnn0IwH7ybLFCzh4Uc//kc7UIvqiRac4uGdIc1meKOjMSlKzw==}

  '@tsconfig/node26@26.0.1':
    resolution: {integrity: sha512-NQT8JUFDKeAIWpR1dakeF534msQAsoSLr1WpKdRDt3sCvk2fsFK3EVKUBG5xKYVamiRO6yTfniiyvCaqOGgn/g==}

  '@tsconfig/strictest@2.0.8':
    resolution: {integrity: sha512-XnQ7vNz5HRN0r88GYf1J9JJjqtZPiHt2woGJOo2dYqyHGGcd6OLGqSlBB6p1j9mpzja6Oe5BoPqWmeDx6X9rLw==}

  '@types/byte-size@8.1.2':
    resolution: {integrity: sha512-jGyVzYu6avI8yuqQCNTZd65tzI8HZrLjKX9sdMqZrGWVlNChu0rf6p368oVEDCYJe5BMx2Ov04tD1wqtgTwGSA==}

  '@types/js-quantities@1.6.6':
    resolution: {integrity: sha512-k2Q8/Avj4Oz50flfTnfVGnUCkt7OYQ3U+lfQVELE/x5mdbwChZ7fM0wpUpVWzbuSL8kIYt9ZsFQ0RFNBv8T3Qw==}

  '@types/luxon@3.7.5':
    resolution: {integrity: sha512-jJ41Q4z6ZVO260MNDdHfW7+7a5iMiX8Mr6ZJHcmgrvhZha6dz5704o/lF2kKl6URjH6ivEL97w9xS/MgpJEphg==}

  '@types/ms@2.1.0':
    resolution: {integrity: sha512-GsCCIZDE/p3i96vtEqx+7dBUGXrc7zeSK3wwPHIaRThS+9OhWIXRqzs4d6k1SVU8g91DrNRWxWUGhp5KXQb2VA==}

  '@types/node@26.4.1':
    resolution: {integrity: sha512-k97ENvZWtvA6yqz5/FS6a7duDgOPEeOQOc2iKS/nY6mX6qJUKtLnWzQS+Xj6tXweyj6ZcTAK2Qecetnvi9nCLA==}

  '@typescript/typescript-aix-ppc64@7.0.2':
    resolution: {integrity: sha512-MTKKkWB7p/0E9xi1d1tHtZ5PiLkGEMIq88pK2CubZjOsLtYTLqhgIgi6zepFa+9GHZ6h05NMCkQxGKiPXMxXtQ==}
    engines: {node: '>=16.20.0'}
    cpu: [ppc64]
    os: [aix]

  '@typescript/typescript-darwin-arm64@7.0.2':
    resolution: {integrity: sha512-gowzar9MwS/aRWp6f3a4KUqzRjAZjOsmGNCM6LcTgXum+dBfgsBVMN+AgvOCCbguXyick6LJhpBszxMebJ8syA==}
    engines: {node: '>=16.20.0'}
    cpu: [arm64]
    os: [darwin]

  '@typescript/typescript-darwin-x64@7.0.2':
    resolution: {integrity: sha512-SZ9xZInqApNlNGc9s0W1VSsktYSOe9cFqNOIqmN1Gs8SmkjKZYFt017G4VwPxASInODuAdbTW7sXiFUf893RgA==}
    engines: {node: '>=16.20.0'}
    cpu: [x64]
    os: [darwin]

  '@typescript/typescript-freebsd-arm64@7.0.2':
    resolution: {integrity: sha512-W5NH4y/J0plIIS5b2xvTEkU7JFxyqdMAOgf+Ilhl0vHQXKO5dZoxd+C/jEtq56c4F3wk71RB4BMRQ2XdI+bwYQ==}
    engines: {node: '>=16.20.0'}
    cpu: [arm64]
    os: [freebsd]

  '@typescript/typescript-freebsd-x64@7.0.2':
    resolution: {integrity: sha512-UMGDx5sTpzNw3WiPebH7l90IWfJggEd+egHt/q6p7/Cm3zqoV7VxkGXt+3DxPIw8CcmvAB0j3sVVfbhX+M4Tpw==}
    engines: {node: '>=16.20.0'}
    cpu: [x64]
    os: [freebsd]

  '@typescript/typescript-linux-arm64@7.0.2':
    resolution: {integrity: sha512-Qh4eU4/y3yDjnfjjyPYihMj5/ODIlmt+Bzu17OI+fiSRDW57QmU5SiN63exPRNJPKUzcc1INa1NXdrJ+MqHjUQ==}
    engines: {node: '>=16.20.0'}
    cpu: [arm64]
    os: [linux]

  '@typescript/typescript-linux-arm@7.0.2':
    resolution: {integrity: sha512-gffT3xPz9sR7j/YJExkyPntrI0P2EP9XbOyWzth2/Gs0RstK+90RBcO0ncXoXy/beYll1SXw846Nf2zdnEz0QQ==}
    engines: {node: '>=16.20.0'}
    cpu: [arm]
    os: [linux]

  '@typescript/typescript-linux-loong64@7.0.2':
    resolution: {integrity: sha512-uEHck9i8hoAzXPiYRib1O7miOnz23SxIeVl6F4LXox+qov1K35jHcEW6VHKvZI+pyvl7fZEP4MCU5LYvIq1GuQ==}
    engines: {node: '>=16.20.0'}
    cpu: [loong64]
    os: [linux]

  '@typescript/typescript-linux-mips64el@7.0.2':
    resolution: {integrity: sha512-R4KvAMnE43W5Qeqb0Ly56O3mWMWIAgsMyz36DCaycd5nbg/9kzm0liw3JocfRqyJY0KPmzFjbswozXyW0DnIYA==}
    engines: {node: '>=16.20.0'}
    cpu: [mips64el]
    os: [linux]

  '@typescript/typescript-linux-ppc64@7.0.2':
    resolution: {integrity: sha512-DORx5b3sd/4S7eayxm4FQv+A7CrkUIGRaHiwI8oiHTAI1fAPWhF4J0vAlkC8biAlHSVVwxMQ3tjZ2/DVbnQiiA==}
    engines: {node: '>=16.20.0'}
    cpu: [ppc64]
    os: [linux]

  '@typescript/typescript-linux-riscv64@7.0.2':
    resolution: {integrity: sha512-wf0jqEDOjrPRnKwYRyyJDRo11KMbvMFrU+q4zqKyChODBzvlkbhNQfKvLxQCcwTpdDaXSHZTVuh0JoCrKCUMHQ==}
    engines: {node: '>=16.20.0'}
    cpu: [riscv64]
    os: [linux]

  '@typescript/typescript-linux-s390x@7.0.2':
    resolution: {integrity: sha512-IkwJc3L7yhytWd/ewjyxNDfOmswCm9GWMJT/ue/dU4aZNbwZeYAetq42VyLmsmSjvoX7z74X6ZaYCtzAr0EuGw==}
    engines: {node: '>=16.20.0'}
    cpu: [s390x]
    os: [linux]

  '@typescript/typescript-linux-x64@7.0.2':
    resolution: {integrity: sha512-EYdf2cNg7rgCWJnxCdJ+F3V39O8ihb37eHAu1LK8oAFizgTQbPOK7zHHXbPt8rX24COqODXeI3sIf0fCXG7H/A==}
    engines: {node: '>=16.20.0'}
    cpu: [x64]
    os: [linux]

  '@typescript/typescript-netbsd-arm64@7.0.2':
    resolution: {integrity: sha512-+polYF4MF04aPpO5FTkHran9yUQDSXqy5GiSDKpsll5jy3l3+g9QLhpf39T+ePtefhXLOGrLl0QIjkQP6VnelA==}
    engines: {node: '>=16.20.0'}
    cpu: [arm64]
    os: [netbsd]

  '@typescript/typescript-netbsd-x64@7.0.2':
    resolution: {integrity: sha512-8YIT0EHM/3dq10ZOVF/A7pc/YSMtbcecct4rWtexrnSCHOPcpC2KTLXfTCR6vDpnSiY12heNb1GiN/wu+T/FyA==}
    engines: {node: '>=16.20.0'}
    cpu: [x64]
    os: [netbsd]

  '@typescript/typescript-openbsd-arm64@7.0.2':
    resolution: {integrity: sha512-APT8+ClYnuYm1u9+kgGXoMj2VzWzcymwh2gNSQVySHfkRDGOTVkoWLjCmOQSaO+PoqQ57B0flRp9SA+7GnnkzQ==}
    engines: {node: '>=16.20.0'}
    cpu: [arm64]
    os: [openbsd]

  '@typescript/typescript-openbsd-x64@7.0.2':
    resolution: {integrity: sha512-yX7s+Q0Dln0Dt9tEzZsAjXXR/+ytBM7AlglaqyeMPxQszJ1JhlJdZ6jLA+IzldHtflX81em7lDao1xXu+aRRkg==}
    engines: {node: '>=16.20.0'}
    cpu: [x64]
    os: [openbsd]

  '@typescript/typescript-sunos-x64@7.0.2':
    resolution: {integrity: sha512-dLJDGaLZ1D4HPQn62u1n8mBDkJREwMsAkCdkwd4Ieqw+x3TUyTsqY0YiBCtE6H6OzzgGk3iuZ3vFWRS+E8/d1g==}
    engines: {node: '>=16.20.0'}
    cpu: [x64]
    os: [sunos]

  '@typescript/typescript-win32-arm64@7.0.2':
    resolution: {integrity: sha512-Gyl1Vy6OsWesLzmq+EP0Fb7b4Nid5232AvcA2SFcdYreldpNtYFFofPjnt62y9hQy7VTaZp65ICJjuAQRaVcIQ==}
    engines: {node: '>=16.20.0'}
    cpu: [arm64]
    os: [win32]

  '@typescript/typescript-win32-x64@7.0.2':
    resolution: {integrity: sha512-0BQ3HkAHHlKLSp1qRvf3SUhGpGsDuhB/jgFw75guyqbxJqEaS0Cw/VFO8i2nHglJUzQCRtMMR/IBAKE3ETMC4g==}
    engines: {node: '>=16.20.0'}
    cpu: [x64]
    os: [win32]

  byte-size@9.0.1:
    resolution: {integrity: sha512-YLe9x3rabBrcI0cueCdLS2l5ONUKywcRpTs02B8KP9/Cimhj7o3ZccGrPnRvcbyHMbb7W79/3MUJl7iGgTXKEw==}
    engines: {node: '>=12.17'}
    peerDependencies:
      '@75lb/nature': latest
    peerDependenciesMeta:
      '@75lb/nature':
        optional: true

  cartesian-product-generator@1.1.1:
    resolution: {integrity: sha512-d1KAzT8CO4l3HffHix9LyCInTek6cifNNH3HqT7YeaHDnjNas6wOgd/w2p2aPJQL0pmUS6Z0hb8r42Ch0E0CIA==}

  convert-units@3.0.0-beta.8:
    resolution: {integrity: sha512-P6QkFbVXIb798vkX4nhjYiz5DUfHpI8EngjTHzINYfMKn5O+EM9wkIrfuxjyJbK3g/Ei8m4vJNGQLWRz71lgIQ==}

  convert@8.0.1:
    resolution: {integrity: sha512-lwoEMYZxln/NOBAxEM8RIUqNvaakcm2EBWjilaSyOD+ENh25LlwU5cZfz7rAq/Tf40Jy8FNfl+KV72Dhu7Hu/A==}

  dayjs@1.11.23:
    resolution: {integrity: sha512-QDTCU0M0MxR3hQfnlDJfwekQiaanm1ubOD231u73WBckQ/fsamwRLiE2GBz6D3a/xF1NgfiDLJjXBa1hYOYTtQ==}

  ind2sub@2.0.0:
    resolution: {integrity: sha512-xvb/V5SoBlJ36hYYzn5ZXGEPeGi6qDwFQu/luxa4eEoHYwlZFZChESsPl2cQVPE4kAsBHg5OQ5alEWtyktYXBg==}

  js-quantities@1.8.0:
    resolution: {integrity: sha512-swDw9RJpXACAWR16vAKoSojAsP6NI7cZjjnjKqhOyZSdybRUdmPr071foD3fejUKSU2JMHz99hflWkRWvfLTpQ==}

  luxon@3.7.2:
    resolution: {integrity: sha512-vtEhXh/gNjI9Yg1u4jX/0YVPMvxzHuGgCm6tC5kZyb08yjGWGnqAjGJvcXbqQR2P3MyMEFnRbpcdFS6PBcLqew==}
    engines: {node: '>=12'}

  moment@2.30.1:
    resolution: {integrity: sha512-uEmtNhbDOrWPFS+hdjFCBfy9f2YoyzRpwcl+DqpC6taX21FzsTLQVbMV/W7PzNSX6x/bhC1zA3c2UQ5NzH6how==}

  ms@2.1.3:
    resolution: {integrity: sha512-6FlzubTLZG3J2a/NVCAleEhjzq5oxgHyaCU9yYXvcLsvoVaHJq/s5xXI6/XXP6tz7R9xAOtHnSO/tXtF3WRTlA==}

  node@runtime:26.8.1:
    resolution:
      type: variations
      variants:
        - resolution:
            archive: tarball
            bin:
              node: bin/node
            integrity: sha256-LU0HWYDdrNqgWeJ+wfHFU6TdQmIr2edB4eTDSBcwFAM=
            type: binary
            url: https://nodejs.org/download/release/v26.8.1/node-v26.8.1-aix-ppc64.tar.gz
          targets:
            - cpu: ppc64
              os: aix
        - resolution:
            archive: tarball
            bin:
              node: bin/node
            integrity: sha256-bld/0Nnbd224IwZinkQanazkFnAmIq690XHJ36pB9NI=
            type: binary
            url: https://nodejs.org/download/release/v26.8.1/node-v26.8.1-darwin-arm64.tar.gz
          targets:
            - cpu: arm64
              os: darwin
        - resolution:
            archive: tarball
            bin:
              node: bin/node
            integrity: sha256-/pxtv5yOG0RDgD114qIDZuQg2uZQx0fbsRayKXV1G68=
            type: binary
            url: https://nodejs.org/download/release/v26.8.1/node-v26.8.1-darwin-x64.tar.gz
          targets:
            - cpu: x64
              os: darwin
        - resolution:
            archive: tarball
            bin:
              node: bin/node
            integrity: sha256-1flzzpdeS9A+bCA4Jg9+kgFhWqjh7ik8cvjcwqbZ/ds=
            type: binary
            url: https://nodejs.org/download/release/v26.8.1/node-v26.8.1-linux-arm64.tar.gz
          targets:
            - cpu: arm64
              os: linux
        - resolution:
            archive: tarball
            bin:
              node: bin/node
            integrity: sha256-otDRIQjis89WkbFgVLG2xdhH0wbm8I1m/cY2PpmMejk=
            type: binary
            url: https://nodejs.org/download/release/v26.8.1/node-v26.8.1-linux-ppc64le.tar.gz
          targets:
            - cpu: ppc64le
              os: linux
        - resolution:
            archive: tarball
            bin:
              node: bin/node
            integrity: sha256-72un7U4iqWAp1ppcq5GvjnnlwUPI1jPECYOATcrJgi8=
            type: binary
            url: https://nodejs.org/download/release/v26.8.1/node-v26.8.1-linux-s390x.tar.gz
          targets:
            - cpu: s390x
              os: linux
        - resolution:
            archive: tarball
            bin:
              node: bin/node
            integrity: sha256-erg+reDp7r2bo1IxuI0iWuXHKrVWlaPXqWEVocRe2Vw=
            type: binary
            url: https://nodejs.org/download/release/v26.8.1/node-v26.8.1-linux-x64-musl.tar.gz
          targets:
            - cpu: x64
              os: linux
              libc: musl
        - resolution:
            archive: tarball
            bin:
              node: bin/node
            integrity: sha256-srdmYPpN7U4LKkHuPAxlHNUuqBcOrZHrrB4UesPVVkM=
            type: binary
            url: https://nodejs.org/download/release/v26.8.1/node-v26.8.1-linux-x64.tar.gz
          targets:
            - cpu: x64
              os: linux
        - resolution:
            archive: zip
            bin:
              node: node.exe
            integrity: sha256-CdYgBaqdyo/Nm9zoGW9ap4Pu44GNWvdAietylxA8AtQ=
            prefix: node-v26.8.1-win-arm64
            type: binary
            url: https://nodejs.org/download/release/v26.8.1/node-v26.8.1-win-arm64.zip
          targets:
            - cpu: arm64
              os: win32
        - resolution:
            archive: zip
            bin:
              node: node.exe
            integrity: sha256-V2k9jpPRsE57feRqylPs1j6XVk5z3jamhCjX/wjYNYc=
            prefix: node-v26.8.1-win-x64
            type: binary
            url: https://nodejs.org/download/release/v26.8.1/node-v26.8.1-win-x64.zip
          targets:
            - cpu: x64
              os: win32
        - resolution:
            archive: tarball
            bin:
              node: bin/node
            integrity: sha256-D+eK/etKTSc7FKu9S5RsdyiFxYmUydI7HIrgpZovilM=
            type: binary
            url: https://unofficial-builds.nodejs.org/download/release/v26.8.1/node-v26.8.1-linux-arm64-musl.tar.gz
          targets:
            - cpu: arm64
              os: linux
              libc: musl
        - resolution:
            archive: tarball
            bin:
              node: bin/node
            integrity: sha256-ExNaaiEG+dER+ptIyIAe0RmtQ+fh0A3hfXepxEiZqto=
            type: binary
            url: https://unofficial-builds.nodejs.org/download/release/v26.8.1/node-v26.8.1-linux-x64-musl.tar.gz
          targets:
            - cpu: x64
              os: linux
              libc: musl
    version: 26.8.1
    hasBin: true

  prettier-config-xo@3.0.0:
    resolution: {integrity: sha512-OH/DkWRnF3PSjBecODDqKsi7j5/WrMwovfPTfs3Tq5tvONxJCsWQ8qIJzX7H+kf3HL/2BQ7i9Y/e702s0ZfMTg==}
    engines: {node: '>=10.13.0'}

  prettier@3.9.6:
    resolution: {integrity: sha512-OpN0zzVdiaiAhxpuuj5efpIS4sY9j7bY6uR5mnj5yPzGkdkjNKSJeUThPb60Jw29QuAZgA4o+/iB49kFiaBX6g==}
    engines: {node: '>=14'}
    hasBin: true

  safe-units@2.0.1:
    resolution: {integrity: sha512-vwQl9r9J8O5Aj2RLW2H9qIMszs6MFHuNlD1S86E+AsOFjqZWlD76+sfwMcBT0DIpfTVtgm7Q1huM+iI3o20DYw==}

  simple-units@1.1.5:
    resolution: {integrity: sha512-OniaFBThiILqJZxFwpCboQi8IKYnOK7dKmDYTSLIvLqQJ4jZccz0W72bYRFTor7YV0u0e16/+rGc69/jsd3NZw==}

  sprintf-js@1.1.3:
    resolution: {integrity: sha512-Oo+0REFV59/rz3gfJNKQiBlwfHaSESl1pcGyABQsnnIfWOFt6JNj5gCog2U6MLZ//IGYD+nA8nI+mTShREReaA==}

  tslib@2.8.1:
    resolution: {integrity: sha512-oJFu94HQb+KVduSUQL7wnpmqnfmLsOA/nAh6b6EH0wCEoK0/mPeXU6c3wKDV83MkOuHPRHtSXKKU99IBazS/2w==}

  typescript@7.0.2:
    resolution: {integrity: sha512-8FYau96o3NKOhbjKi/qNvG/W5jhzxkbdm5sj9AbZ/5T5sWqn3hJgLfGx27sRKZWTvyzCP8dLRBTf5tBTSRVUNA==}
    engines: {node: '>=16.20.0'}
    hasBin: true

  undici-types@8.3.0:
    resolution: {integrity: sha512-j375ScV60dom+YkPFIfTLcOiPxkN/buHz5GobjLhixFuANaNs3C9l4GmrWqejgXWJ7BbJcFYpTEUkS1Ge8bpZQ==}

  uom-units@4.5.0:
    resolution: {integrity: sha512-dlWwOTayxZHfaSl3A9xTOHJMoKacwbmEyDkl0FjLBTBJlVQ/jeAkrUfkHzj+CDjpFNIuLz7bEeB8BvopV3GP6Q==}

  uom@6.1.0:
    resolution: {integrity: sha512-FC5jVBAbfGN1ladjgbx2L1NFHcaMU5YVbTKV9T718vyxu6ykEUKWT74nqoNaiMNueC2FeSnUSLZQVOwF1JpV9w==}

snapshots:

  '@jonahsnider/benchmark@6.0.1':
    dependencies:
      '@jonahsnider/util': 13.0.0
      tslib: 2.8.1

  '@jonahsnider/prettier-config@2.0.2(prettier@3.9.6)':
    dependencies:
      prettier: 3.9.6
      prettier-config-xo: 3.0.0

  '@jonahsnider/util@13.0.0': {}

  '@lukeed/ms@2.0.2': {}

  '@tsconfig/node-ts@23.6.4': {}

  '@tsconfig/node26@26.0.1': {}

  '@tsconfig/strictest@2.0.8': {}

  '@types/byte-size@8.1.2': {}

  '@types/js-quantities@1.6.6': {}

  '@types/luxon@3.7.5': {}

  '@types/ms@2.1.0': {}

  '@types/node@26.4.1':
    dependencies:
      undici-types: 8.3.0

  '@typescript/typescript-aix-ppc64@7.0.2':
    optional: true

  '@typescript/typescript-darwin-arm64@7.0.2':
    optional: true

  '@typescript/typescript-darwin-x64@7.0.2':
    optional: true

  '@typescript/typescript-freebsd-arm64@7.0.2':
    optional: true

  '@typescript/typescript-freebsd-x64@7.0.2':
    optional: true

  '@typescript/typescript-linux-arm64@7.0.2':
    optional: true

  '@typescript/typescript-linux-arm@7.0.2':
    optional: true

  '@typescript/typescript-linux-loong64@7.0.2':
    optional: true

  '@typescript/typescript-linux-mips64el@7.0.2':
    optional: true

  '@typescript/typescript-linux-ppc64@7.0.2':
    optional: true

  '@typescript/typescript-linux-riscv64@7.0.2':
    optional: true

  '@typescript/typescript-linux-s390x@7.0.2':
    optional: true

  '@typescript/typescript-linux-x64@7.0.2':
    optional: true

  '@typescript/typescript-netbsd-arm64@7.0.2':
    optional: true

  '@typescript/typescript-netbsd-x64@7.0.2':
    optional: true

  '@typescript/typescript-openbsd-arm64@7.0.2':
    optional: true

  '@typescript/typescript-openbsd-x64@7.0.2':
    optional: true

  '@typescript/typescript-sunos-x64@7.0.2':
    optional: true

  '@typescript/typescript-win32-arm64@7.0.2':
    optional: true

  '@typescript/typescript-win32-x64@7.0.2':
    optional: true

  byte-size@9.0.1: {}

  cartesian-product-generator@1.1.1:
    dependencies:
      ind2sub: 2.0.0

  convert-units@3.0.0-beta.8: {}

  convert@8.0.1: {}

  dayjs@1.11.23: {}

  ind2sub@2.0.0: {}

  js-quantities@1.8.0: {}

  luxon@3.7.2: {}

  moment@2.30.1: {}

  ms@2.1.3: {}

  node@runtime:26.8.1: {}

  prettier-config-xo@3.0.0: {}

  prettier@3.9.6: {}

  safe-units@2.0.1: {}

  simple-units@1.1.5:
    dependencies:
      cartesian-product-generator: 1.1.1
      sprintf-js: 1.1.3

  sprintf-js@1.1.3: {}

  tslib@2.8.1: {}

  typescript@7.0.2:
    optionalDependencies:
      '@typescript/typescript-aix-ppc64': 7.0.2
      '@typescript/typescript-darwin-arm64': 7.0.2
      '@typescript/typescript-darwin-x64': 7.0.2
      '@typescript/typescript-freebsd-arm64': 7.0.2
      '@typescript/typescript-freebsd-x64': 7.0.2
      '@typescript/typescript-linux-arm': 7.0.2
      '@typescript/typescript-linux-arm64': 7.0.2
      '@typescript/typescript-linux-loong64': 7.0.2
      '@typescript/typescript-linux-mips64el': 7.0.2
      '@typescript/typescript-linux-ppc64': 7.0.2
      '@typescript/typescript-linux-riscv64': 7.0.2
      '@typescript/typescript-linux-s390x': 7.0.2
      '@typescript/typescript-linux-x64': 7.0.2
      '@typescript/typescript-netbsd-arm64': 7.0.2
      '@typescript/typescript-netbsd-x64': 7.0.2
      '@typescript/typescript-openbsd-arm64': 7.0.2
      '@typescript/typescript-openbsd-x64': 7.0.2
      '@typescript/typescript-sunos-x64': 7.0.2
      '@typescript/typescript-win32-arm64': 7.0.2
      '@typescript/typescript-win32-x64': 7.0.2

  undici-types@8.3.0: {}

  uom-units@4.5.0:
    dependencies:
      uom: 6.1.0

  uom@6.1.0: {}
