# This file is generated by running "yarn install" inside your project.
# Manual changes might be lost - proceed with caution!

__metadata:
  version: 6
  cacheKey: 8

"@jonahsnider/benchmark@npm:5.0.2":
  version: 5.0.2
  resolution: "@jonahsnider/benchmark@npm:5.0.2"
  dependencies:
    "@jonahsnider/util": 10.3.0
    tslib: 2.6.2
  checksum: 55dc0a0bd44a14f960f310ef0a483224c05471cd0504e1b9521d249b74b37656b29c5caa7b23ba8310dbbe32ed952484a873ec1d88724014a3194ae7ba7b60e4
  languageName: node
  linkType: hard

"@jonahsnider/js-unit-conversion-benchmarks@workspace:.":
  version: 0.0.0-use.local
  resolution: "@jonahsnider/js-unit-conversion-benchmarks@workspace:."
  dependencies:
    "@jonahsnider/benchmark": 5.0.2
    "@jonahsnider/prettier-config": 1.1.2
    "@jonahsnider/util": 10.3.0
    "@lukeed/ms": 2.0.2
    "@tsconfig/node16": 16.1.1
    "@types/byte-size": 8.1.2
    "@types/convert-units": 2.3.9
    "@types/js-quantities": 1.6.6
    "@types/luxon": 3.4.0
    "@types/ms": 0.7.34
    "@types/node": 20.11.0
    byte-size: 8.1.1
    convert: 4.14.1
    convert-units: 2.3.4
    dayjs: 1.11.10
    js-quantities: 1.8.0
    luxon: 3.4.4
    moment: 2.30.1
    ms: 2.1.3
    prettier: 3.1.1
    safe-units: 1.1.0
    simple-units: 1.0.6
    tslib: 2.6.2
    typescript: 5.3.3
    uom: 6.0.0
    uom-units: 2.3.4
  languageName: unknown
  linkType: soft

"@jonahsnider/prettier-config@npm:1.1.2":
  version: 1.1.2
  resolution: "@jonahsnider/prettier-config@npm:1.1.2"
  dependencies:
    "@types/prettier": ^2.6.3
    prettier-config-xo: 2.0.0
  checksum: df2c7d49fbf99a731d877648d09bf2ead56d4e3366fcf99ff8a7c4f2017c73a9311d11d4b96c7bde0ede223177601693e821783cb7767cc71b32c92dc5b968d7
  languageName: node
  linkType: hard

"@jonahsnider/util@npm:10.3.0":
  version: 10.3.0
  resolution: "@jonahsnider/util@npm:10.3.0"
  checksum: 8bf54ae0b4006c5834f861b4dd7e1f650dec97422b42640379c7d55198cf1d2486314b173c305e746b3ee19a5629593b43fa5c3d8d2a4a11f09a0e4acec4061d
  languageName: node
  linkType: hard

"@lukeed/ms@npm:2.0.2":
  version: 2.0.2
  resolution: "@lukeed/ms@npm:2.0.2"
  checksum: 6ae47ed3ebc857ffc0283cfe46129947209c770d0974eb86626138b6c194a760d08863ec593ec75a645aec133b3237b37af500739b030293e4d9a81130f4e2ae
  languageName: node
  linkType: hard

"@tsconfig/node16@npm:16.1.1":
  version: 16.1.1
  resolution: "@tsconfig/node16@npm:16.1.1"
  checksum: 26d83db06866083b543e73eda33585464362fd0835229b9a5b1185f0353b9b5db9ca4f66a4be53d4ec5d4c219be42b0a7582f8bcc7268f2f77b1c643375e490f
  languageName: node
  linkType: hard

"@types/byte-size@npm:8.1.2":
  version: 8.1.2
  resolution: "@types/byte-size@npm:8.1.2"
  checksum: a7136d5ba41924491ab3d2df6f61f523f8241a9764b02e35b4fa2710eb17af18f7ffe494e5cad3071133a6c8a1c38bedaed28d26d348987d1ab9263a6730c9ce
  languageName: node
  linkType: hard

"@types/convert-units@npm:2.3.9":
  version: 2.3.9
  resolution: "@types/convert-units@npm:2.3.9"
  checksum: 2d72c4ccefa2edfd738a344a50be08376b25f8a5f59969393c13bb80d1b348daf3a3a577f57b41bb7d99f05e9eb5f6e48ac4ae3de2a41e2a4fc117ca9e390f0b
  languageName: node
  linkType: hard

"@types/js-quantities@npm:1.6.6":
  version: 1.6.6
  resolution: "@types/js-quantities@npm:1.6.6"
  checksum: 69773ed89193c08ac8efcd9a05ac0b25f2e96eb55969a6bf0485bbf8bfb757db43df9bd9bec8f5b4d91fa1068c292c80efdd0ee049bb95c0f697789cd8dda9e1
  languageName: node
  linkType: hard

"@types/luxon@npm:3.4.0":
  version: 3.4.0
  resolution: "@types/luxon@npm:3.4.0"
  checksum: accd08e51e9eff4a5b47b2bdc2bc0a1404d35e0701e0165a1c1ea47065e588627784fe8bb9ddc64ca801726a7e9b0dbb075c586eb1f979fcf70e690cab963ff8
  languageName: node
  linkType: hard

"@types/ms@npm:0.7.34":
  version: 0.7.34
  resolution: "@types/ms@npm:0.7.34"
  checksum: f38d36e7b6edecd9badc9cf50474159e9da5fa6965a75186cceaf883278611b9df6669dc3a3cc122b7938d317b68a9e3d573d316fcb35d1be47ec9e468c6bd8a
  languageName: node
  linkType: hard

"@types/node@npm:20.11.0":
  version: 20.11.0
  resolution: "@types/node@npm:20.11.0"
  dependencies:
    undici-types: ~5.26.4
  checksum: 1bd6890db7e0404d11c33d28f46f19f73256f0ba35d19f0ef2a0faba09f366f188915fb9338eebebcc472075c1c4941e17c7002786aa69afa44980737846b200
  languageName: node
  linkType: hard

"@types/prettier@npm:^2.6.3":
  version: 2.6.3
  resolution: "@types/prettier@npm:2.6.3"
  checksum: e1836699ca189fff6d2a73dc22e028b6a6f693ed1180d5998ac29fa197caf8f85aa92cb38db642e4a370e616b451cb5722ad2395dab11c78e025a1455f37d1f0
  languageName: node
  linkType: hard

"byte-size@npm:8.1.1":
  version: 8.1.1
  resolution: "byte-size@npm:8.1.1"
  checksum: 65f00881ffd3c2b282fe848ed954fa4ff8363eaa3f652102510668b90b3fad04d81889486ee1b641ee0d8c8b75cf32201f3b309e6b5fbb6cc869b48a91b62d3e
  languageName: node
  linkType: hard

"cartesian-product-generator@npm:^1.1.1":
  version: 1.1.1
  resolution: "cartesian-product-generator@npm:1.1.1"
  dependencies:
    ind2sub: ^2.0.0
  checksum: bdb0cd2959c217175a60b11f8bab77022f4ad418b96a3841b1a60e143ff4f7a41ad63016c3b8cf644c9cc17a8ce3da3b506c503d3147464c70600b7dc2e9c19e
  languageName: node
  linkType: hard

"convert-units@npm:2.3.4":
  version: 2.3.4
  resolution: "convert-units@npm:2.3.4"
  dependencies:
    lodash.foreach: 2.3.x
    lodash.keys: 2.3.x
  checksum: a693b0434715ff74ae055458326ef7896c849f7d60dfe783da9b15ad533ee4fdd368cbbf17297e8705780c312f5df90deb7a0ee702e39337d736d8cc1be6d96b
  languageName: node
  linkType: hard

"convert@npm:4.14.1":
  version: 4.14.1
  resolution: "convert@npm:4.14.1"
  checksum: 162de15d809c384e51774ae4dec4f4338f3fbe53c337330d6080f9c912d310e94ec47e7c443c76a8aeb35e2a122fa4bbadacebbfc1344fb8d415a9a01da20e38
  languageName: node
  linkType: hard

"dayjs@npm:1.11.10":
  version: 1.11.10
  resolution: "dayjs@npm:1.11.10"
  checksum: a6b5a3813b8884f5cd557e2e6b7fa569f4c5d0c97aca9558e38534af4f2d60daafd3ff8c2000fed3435cfcec9e805bcebd99f90130c6d1c5ef524084ced588c4
  languageName: node
  linkType: hard

"ind2sub@npm:^2.0.0":
  version: 2.0.0
  resolution: "ind2sub@npm:2.0.0"
  checksum: 04c828e588f5f98e4d03f82d915e783ed3bfa9729fa6e53d1ade2aa06ba76d88d25f8414b5a6bceb02fd543abc1e2f0ff6a94752dabe5f62ccd7313d13f8a998
  languageName: node
  linkType: hard

"js-quantities@npm:1.8.0":
  version: 1.8.0
  resolution: "js-quantities@npm:1.8.0"
  checksum: 555f5648b7b76b427fbe63e050c7fac99d2dbb597791d794d83508a46b2bfe0a2bdf85ebd88c85617408960d9d9e06a763400fc1071a89ef12c8c2d53e3e7687
  languageName: node
  linkType: hard

"lodash._basebind@npm:~2.3.0":
  version: 2.3.0
  resolution: "lodash._basebind@npm:2.3.0"
  dependencies:
    lodash._basecreate: ~2.3.0
    lodash._setbinddata: ~2.3.0
    lodash.isobject: ~2.3.0
  checksum: cb5d8645e79971205ae0aa1ba5e8e29210c59f57925c5d7bde8f4e47b727f6eb605ed2066c97090c062b8e2028788b4a3a70ff9e53e9807aea1e5c7f066c3645
  languageName: node
  linkType: hard

"lodash._basecreate@npm:~2.3.0":
  version: 2.3.0
  resolution: "lodash._basecreate@npm:2.3.0"
  dependencies:
    lodash._renative: ~2.3.0
    lodash.isobject: ~2.3.0
    lodash.noop: ~2.3.0
  checksum: b427e1d997fb6cfcd79da1737a65516e4870acfea215ce805ca2e19f06e5edddbba7c01b7084f59f77473e1762addf1f7e7b9f58455decf9e9736e0361e13ceb
  languageName: node
  linkType: hard

"lodash._basecreatecallback@npm:~2.3.0":
  version: 2.3.0
  resolution: "lodash._basecreatecallback@npm:2.3.0"
  dependencies:
    lodash._setbinddata: ~2.3.0
    lodash.bind: ~2.3.0
    lodash.identity: ~2.3.0
    lodash.support: ~2.3.0
  checksum: 4ab2efcdf29f641d36645dff6088d78846fb48f168fb6abc6f24e0a8e1b72079aa9ace3236e0b8a7b2dee363adccb514d97a3bf86871cabd08f0ebe57327db48
  languageName: node
  linkType: hard

"lodash._basecreatewrapper@npm:~2.3.0":
  version: 2.3.0
  resolution: "lodash._basecreatewrapper@npm:2.3.0"
  dependencies:
    lodash._basecreate: ~2.3.0
    lodash._setbinddata: ~2.3.0
    lodash._slice: ~2.3.0
    lodash.isobject: ~2.3.0
  checksum: f12254230f3e815bcf8530f2340d02b0565754d7ce936acc23f090b605d3473919c8ad5ebb485363ecc32a63e9ff55b50eff7cffc281e59371cacea68837093d
  languageName: node
  linkType: hard

"lodash._createwrapper@npm:~2.3.0":
  version: 2.3.0
  resolution: "lodash._createwrapper@npm:2.3.0"
  dependencies:
    lodash._basebind: ~2.3.0
    lodash._basecreatewrapper: ~2.3.0
    lodash.isfunction: ~2.3.0
  checksum: 25fdc5323cc0e3c67858882a51320903d37fa09388d68439fa3505a9ecf42f2062d45086c3bc918605b31b78bf275e8cccff6db36cedd62e24da7c444c53f442
  languageName: node
  linkType: hard

"lodash._objecttypes@npm:~2.3.0":
  version: 2.3.0
  resolution: "lodash._objecttypes@npm:2.3.0"
  checksum: 8b28eb74aa946048b8375e28bf088e00485b3e9b339120242d3914ffd800c6939579ffb81d4c4bcadafeaced5cca0417c1b0861fedca0b3c229cbe481a042622
  languageName: node
  linkType: hard

"lodash._renative@npm:~2.3.0":
  version: 2.3.0
  resolution: "lodash._renative@npm:2.3.0"
  checksum: 6ec62af6aff5399a4d9880fea8ac346ea9ba19a40f51bc7da703c3cc75204fba7a7b2dca026477e90552395e66f9b0629b8c005a3724d7a4592f5a58d8fa1fcc
  languageName: node
  linkType: hard

"lodash._setbinddata@npm:~2.3.0":
  version: 2.3.0
  resolution: "lodash._setbinddata@npm:2.3.0"
  dependencies:
    lodash._renative: ~2.3.0
    lodash.noop: ~2.3.0
  checksum: 11c61e915c610aefa65e20202e7e1b9b1d75d61db053957033011a6f76a76464b1270bd3416855502bf4628ed10005eac992756893f91e2d4d2079afdcf41af2
  languageName: node
  linkType: hard

"lodash._shimkeys@npm:~2.3.0":
  version: 2.3.0
  resolution: "lodash._shimkeys@npm:2.3.0"
  dependencies:
    lodash._objecttypes: ~2.3.0
  checksum: 0e752f88fc28f5fb15cb46ffdc69f09a10cc07d5fa52192c26e3fac049d59b0e027079de557d41805d5d029a5bfb2725d1c1615a56856d64049c49a1e8fc3a7a
  languageName: node
  linkType: hard

"lodash._slice@npm:~2.3.0":
  version: 2.3.0
  resolution: "lodash._slice@npm:2.3.0"
  checksum: 00102f49e50e636572d1a2568e7218fd1f7a302cf0a769d8abeca9ba621a8674fcdb1dbc00d3470da3adc30cbc7a249036bc60d3d2299a5ff50fa38b44c33961
  languageName: node
  linkType: hard

"lodash.bind@npm:~2.3.0":
  version: 2.3.0
  resolution: "lodash.bind@npm:2.3.0"
  dependencies:
    lodash._createwrapper: ~2.3.0
    lodash._renative: ~2.3.0
    lodash._slice: ~2.3.0
  checksum: d30befce8d69514aa86b80a69e79eaf1909a8f5126aa3221f04667682ac3bdf8e7e145e4db1d302da961233ad9c90d2361adf17c5a6fcd233622655c311804a9
  languageName: node
  linkType: hard

"lodash.foreach@npm:2.3.x":
  version: 2.3.0
  resolution: "lodash.foreach@npm:2.3.0"
  dependencies:
    lodash._basecreatecallback: ~2.3.0
    lodash.forown: ~2.3.0
  checksum: ab3a461278f3eccab7f770ff3bdc38886e6a0154423f34134f44303b7bad1490a0cdb067566f9a8d99c74952c72cb0b1d0c995e3ecee0b3ea4063fe74aa1a2df
  languageName: node
  linkType: hard

"lodash.forown@npm:~2.3.0":
  version: 2.3.0
  resolution: "lodash.forown@npm:2.3.0"
  dependencies:
    lodash._basecreatecallback: ~2.3.0
    lodash._objecttypes: ~2.3.0
    lodash.keys: ~2.3.0
  checksum: 7b8836594d6c18194127c44cb8000a62bc224aba2997ebbd01725665aa6f9bdad37745da453eb436e658f05a86c1093e51f5f9b36f521e5ebb6c48a16f498b14
  languageName: node
  linkType: hard

"lodash.identity@npm:~2.3.0":
  version: 2.3.0
  resolution: "lodash.identity@npm:2.3.0"
  checksum: cc22abfbe2251fbb7351d6e8036f06c67eae0e998979b3928b16a8d9cc457b7094e29379aa36531aa07cbc353cb00c51208010f9d0f17b127fdd4e9fa047278d
  languageName: node
  linkType: hard

"lodash.isfunction@npm:~2.3.0":
  version: 2.3.0
  resolution: "lodash.isfunction@npm:2.3.0"
  checksum: ffaf5c3b28b4f3fa9b6b81c190248964203aac12ba5cdd6ae2be47d5e41483f95a59ad5f4e50c9c71287dbe030d9c13fca7d8f0a1aff0da17de666f39230c102
  languageName: node
  linkType: hard

"lodash.isobject@npm:~2.3.0":
  version: 2.3.0
  resolution: "lodash.isobject@npm:2.3.0"
  dependencies:
    lodash._objecttypes: ~2.3.0
  checksum: 184829dd13f8f8d74c214fe8053e3277b271e1c89175ad4b7bec73ad6b0064b773bfaa69388168e404c4ca4e0146df48e7a519a5e660ab46bc11eb0b4db4e870
  languageName: node
  linkType: hard

"lodash.keys@npm:2.3.x, lodash.keys@npm:~2.3.0":
  version: 2.3.0
  resolution: "lodash.keys@npm:2.3.0"
  dependencies:
    lodash._renative: ~2.3.0
    lodash._shimkeys: ~2.3.0
    lodash.isobject: ~2.3.0
  checksum: 26d74c956916affc42159f3a7934cadc82b82b168317e22fe8c1140ccc9d9eca08696349a3ba41d89ef75a3850e312970307bab5b4f9255d9650e71c284682c5
  languageName: node
  linkType: hard

"lodash.noop@npm:~2.3.0":
  version: 2.3.0
  resolution: "lodash.noop@npm:2.3.0"
  checksum: 5399fb5f754cf99c6f222a003610652ed6c61bd59469c15fb44794859a934ad41bb55475cc10d6321bfb77c81293f27a99b0c1bc25938930c8b6976029dcf6de
  languageName: node
  linkType: hard

"lodash.support@npm:~2.3.0":
  version: 2.3.0
  resolution: "lodash.support@npm:2.3.0"
  dependencies:
    lodash._renative: ~2.3.0
  checksum: ae235a4da6e135071a86de5e0adb5e9a91d9997914e4925977c376bcea9e80e1702fd263eec48c21fa2c54880483af666594ad0ee7d53797a11668d5956f3f43
  languageName: node
  linkType: hard

"luxon@npm:3.4.4":
  version: 3.4.4
  resolution: "luxon@npm:3.4.4"
  checksum: 36c1f99c4796ee4bfddf7dc94fa87815add43ebc44c8934c924946260a58512f0fd2743a629302885df7f35ccbd2d13f178c15df046d0e3b6eb71db178f1c60c
  languageName: node
  linkType: hard

"moment@npm:2.30.1":
  version: 2.30.1
  resolution: "moment@npm:2.30.1"
  checksum: 859236bab1e88c3e5802afcf797fc801acdbd0ee509d34ea3df6eea21eb6bcc2abd4ae4e4e64aa7c986aa6cba563c6e62806218e6412a765010712e5fa121ba6
  languageName: node
  linkType: hard

"ms@npm:2.1.3":
  version: 2.1.3
  resolution: "ms@npm:2.1.3"
  checksum: aa92de608021b242401676e35cfa5aa42dd70cbdc082b916da7fb925c542173e36bce97ea3e804923fe92c0ad991434e4a38327e15a1b5b5f945d66df615ae6d
  languageName: node
  linkType: hard

"prettier-config-xo@npm:2.0.0":
  version: 2.0.0
  resolution: "prettier-config-xo@npm:2.0.0"
  checksum: f5dc2760ee7991b98177789ac080aa720a38f49fcedd01f02acb281f02ecaf2dc9bc604d13ba804f750127df5913d396b8deae661cc8f7e2d422dded6a9b950f
  languageName: node
  linkType: hard

"prettier@npm:3.1.1":
  version: 3.1.1
  resolution: "prettier@npm:3.1.1"
  bin:
    prettier: bin/prettier.cjs
  checksum: e386855e3a1af86a748e16953f168be555ce66d6233f4ba54eb6449b88eb0c6b2ca79441b11eae6d28a7f9a5c96440ce50864b9d5f6356d331d39d6bb66c648e
  languageName: node
  linkType: hard

"safe-units@npm:1.1.0":
  version: 1.1.0
  resolution: "safe-units@npm:1.1.0"
  checksum: 52d445371390bd5b98dbb158e59cb68a905020f250534c033972afe6fb7b69098625266d2245cf86ff1678a469028cc490f4d2bfe639eb6a272e999c3ce182e4
  languageName: node
  linkType: hard

"simple-units@npm:1.0.6":
  version: 1.0.6
  resolution: "simple-units@npm:1.0.6"
  dependencies:
    cartesian-product-generator: ^1.1.1
    sprintf-js: ^1.1.2
  checksum: ce9f5ba39bd0010aad901747a168fe19e7fe2adeceb934ec25eba6b313236fb1729cede48a2365a409b6649d1df21b8bd0d397b9bd8cd4ce56f9249908e74ed6
  languageName: node
  linkType: hard

"sprintf-js@npm:^1.1.2":
  version: 1.1.2
  resolution: "sprintf-js@npm:1.1.2"
  checksum: d4bb46464632b335e5faed381bd331157e0af64915a98ede833452663bc672823db49d7531c32d58798e85236581fb7342fd0270531ffc8f914e186187bf1c90
  languageName: node
  linkType: hard

"tslib@npm:2.6.2":
  version: 2.6.2
  resolution: "tslib@npm:2.6.2"
  checksum: 329ea56123005922f39642318e3d1f0f8265d1e7fcb92c633e0809521da75eeaca28d2cf96d7248229deb40e5c19adf408259f4b9640afd20d13aecc1430f3ad
  languageName: node
  linkType: hard

"typescript@npm:5.3.3":
  version: 5.3.3
  resolution: "typescript@npm:5.3.3"
  bin:
    tsc: bin/tsc
    tsserver: bin/tsserver
  checksum: 2007ccb6e51bbbf6fde0a78099efe04dc1c3dfbdff04ca3b6a8bc717991862b39fd6126c0c3ebf2d2d98ac5e960bcaa873826bb2bb241f14277034148f41f6a2
  languageName: node
  linkType: hard

"typescript@patch:typescript@5.3.3#~builtin<compat/typescript>":
  version: 5.3.3
  resolution: "typescript@patch:typescript@npm%3A5.3.3#~builtin<compat/typescript>::version=5.3.3&hash=e012d7"
  bin:
    tsc: bin/tsc
    tsserver: bin/tsserver
  checksum: 4e604a9e107ce0c23b16a2f8d79d0531d4d8fe9ebbb7a8c395c66998c39892f0e0a071ef0b0d4e66420a8ec2b8d6cfd9cdb29ba24f25b37cba072e9282376df9
  languageName: node
  linkType: hard

"undici-types@npm:~5.26.4":
  version: 5.26.5
  resolution: "undici-types@npm:5.26.5"
  checksum: 3192ef6f3fd5df652f2dc1cd782b49d6ff14dc98e5dced492aa8a8c65425227da5da6aafe22523c67f035a272c599bb89cfe803c1db6311e44bed3042fc25487
  languageName: node
  linkType: hard

"uom-units@npm:2.3.4":
  version: 2.3.4
  resolution: "uom-units@npm:2.3.4"
  dependencies:
    uom: ^6.0.0
  checksum: e2009254607241d9a69a54498ca872d453da3ae9dc1d038290bce81dd35113364bc520c1e94ba32a6e5dc347a7cf63b776f80581be6a99147ab21910f6eb9807
  languageName: node
  linkType: hard

"uom@npm:6.0.0, uom@npm:^6.0.0":
  version: 6.0.0
  resolution: "uom@npm:6.0.0"
  checksum: 949ae7b873883f0ad00f5546c2a2e7c8955ef7dabd663aaf30ddb0631ebc8a7d961bba12424a131d18df0a65c10a280f6d20729bbde69bba0c1821dc47fb68fc
  languageName: node
  linkType: hard
