# THIS IS AN AUTOGENERATED FILE. DO NOT EDIT THIS FILE DIRECTLY.
# yarn lockfile v1


"@pizzafox/benchmark@^1.1.0":
  version "1.1.0"
  resolved "https://registry.yarnpkg.com/@pizzafox/benchmark/-/benchmark-1.1.0.tgz#7bd9975facfd93cf12266514b1552d69af50d485"
  integrity sha512-3m2w/bVq0O8ioYfp0hkul8/eTbgxenOoxrjIgsSXo7ERFuQM7zCxQD3RrS51rLoDhM5Av5pZbHoZyE6TOEddqA==

"@pizzafox/util@^1.2.0":
  version "1.2.0"
  resolved "https://registry.yarnpkg.com/@pizzafox/util/-/util-1.2.0.tgz#d739bdac041e3cb7303ece5a36d3ec357a80ca54"
  integrity sha512-s0cRisWFASANA/VAnA2VmNCNB9c85hLUY/V3hbOGUdefYIDzFD75SBt8Y5r/2amdTLq+lpVkXhWF2Gn6uwqRmg==

"@types/convert-units@^2.3.3":
  version "2.3.3"
  resolved "https://registry.yarnpkg.com/@types/convert-units/-/convert-units-2.3.3.tgz#ef654b2ec875ea7c862c75be46e22f996afe94a0"
  integrity sha512-oo4ZyjU0nZMDQFP0AKYk4KvFjydlSpbgXTCdF+TC3d/TL4b85/zi0W5pC97UrzXXpwsbcVEfS01nEgUqKgjSww==

"@types/js-quantities@^1.6.2":
  version "1.6.2"
  resolved "https://registry.yarnpkg.com/@types/js-quantities/-/js-quantities-1.6.2.tgz#62688c490b9c508ed739366eda2c386613bc2733"
  integrity sha512-ylwLf5kMzD+16kUZ6h5BDBx7FdUs5gnkP0+YX8hiV/iV5+AcuHyWUkZA4GTDfJ59KXp7woCdDbFX57H/taBIqA==

"@types/node@^14.14.14":
  version "14.14.14"
  resolved "https://registry.yarnpkg.com/@types/node/-/node-14.14.14.tgz#f7fd5f3cc8521301119f63910f0fb965c7d761ae"
  integrity sha512-UHnOPWVWV1z+VV8k6L1HhG7UbGBgIdghqF3l9Ny9ApPghbjICXkUJSd/b9gOgQfjM1r+37cipdw/HJ3F6ICEnQ==

"@types/prettier@^2.1.5":
  version "2.1.5"
  resolved "https://registry.yarnpkg.com/@types/prettier/-/prettier-2.1.5.tgz#b6ab3bba29e16b821d84e09ecfaded462b816b00"
  integrity sha512-UEyp8LwZ4Dg30kVU2Q3amHHyTn1jEdhCIE59ANed76GaT1Vp76DD3ZWSAxgCrw6wJ0TqeoBpqmfUHiUDPs//HQ==

convert-units@^2.3.4:
  version "2.3.4"
  resolved "https://registry.yarnpkg.com/convert-units/-/convert-units-2.3.4.tgz#a279f4b3cb9b5d5094beba61abc742dcb46a180d"
  integrity sha512-ERHfdA0UhHJp1IpwE6PnFJx8LqG7B1ZjJ20UvVCmopEnVCfER68Tbe3kvN63dLbYXDA2xFWRE6zd4Wsf0w7POg==
  dependencies:
    lodash.foreach "2.3.x"
    lodash.keys "2.3.x"

convert@^1.1.2:
  version "1.1.2"
  resolved "https://registry.yarnpkg.com/convert/-/convert-1.1.2.tgz#2b9fcfceac1b89574d0875b9de7a168d786b681c"
  integrity sha512-q5sFsazBHaYdIPQIm6QIEZr0g0gZTXcjpzSjomZBC23WBbOMa6Ye9y3cM5lO0xvlLIYVDMFQJl0XRk6SchjWuQ==

js-quantities@^1.7.6:
  version "1.7.6"
  resolved "https://registry.yarnpkg.com/js-quantities/-/js-quantities-1.7.6.tgz#e892de0c70afa443fc7cd593016f00de2bd3b0cf"
  integrity sha512-h6TH1xK1u/zdjD26M6kKVthZONJSDTIRzrohbqOILfJAyanWHGlJLWuAWkSMtqi8k/IxshStsc97Pkf8SL9yvA==

lodash._basebind@~2.3.0:
  version "2.3.0"
  resolved "https://registry.yarnpkg.com/lodash._basebind/-/lodash._basebind-2.3.0.tgz#2b5bc452a0e106143b21869f233bdb587417d248"
  integrity sha1-K1vEUqDhBhQ7IYafIzvbWHQX0kg=
  dependencies:
    lodash._basecreate "~2.3.0"
    lodash._setbinddata "~2.3.0"
    lodash.isobject "~2.3.0"

lodash._basecreate@~2.3.0:
  version "2.3.0"
  resolved "https://registry.yarnpkg.com/lodash._basecreate/-/lodash._basecreate-2.3.0.tgz#9b88a86a4dcff7b7f3c61d83a2fcfc0671ec9de0"
  integrity sha1-m4ioak3P97fzxh2Dovz8BnHsneA=
  dependencies:
    lodash._renative "~2.3.0"
    lodash.isobject "~2.3.0"
    lodash.noop "~2.3.0"

lodash._basecreatecallback@~2.3.0:
  version "2.3.0"
  resolved "https://registry.yarnpkg.com/lodash._basecreatecallback/-/lodash._basecreatecallback-2.3.0.tgz#37b2ab17591a339e988db3259fcd46019d7ac362"
  integrity sha1-N7KrF1kaM56YjbMln81GAZ16w2I=
  dependencies:
    lodash._setbinddata "~2.3.0"
    lodash.bind "~2.3.0"
    lodash.identity "~2.3.0"
    lodash.support "~2.3.0"

lodash._basecreatewrapper@~2.3.0:
  version "2.3.0"
  resolved "https://registry.yarnpkg.com/lodash._basecreatewrapper/-/lodash._basecreatewrapper-2.3.0.tgz#aa0c61ad96044c3933376131483a9759c3651247"
  integrity sha1-qgxhrZYETDkzN2ExSDqXWcNlEkc=
  dependencies:
    lodash._basecreate "~2.3.0"
    lodash._setbinddata "~2.3.0"
    lodash._slice "~2.3.0"
    lodash.isobject "~2.3.0"

lodash._createwrapper@~2.3.0:
  version "2.3.0"
  resolved "https://registry.yarnpkg.com/lodash._createwrapper/-/lodash._createwrapper-2.3.0.tgz#d1aae1102dadf440e8e06fc133a6edd7fe146075"
  integrity sha1-0arhEC2t9EDo4G/BM6bt1/4UYHU=
  dependencies:
    lodash._basebind "~2.3.0"
    lodash._basecreatewrapper "~2.3.0"
    lodash.isfunction "~2.3.0"

lodash._objecttypes@~2.3.0:
  version "2.3.0"
  resolved "https://registry.yarnpkg.com/lodash._objecttypes/-/lodash._objecttypes-2.3.0.tgz#6a3ea3987dd6eeb8021b2d5c9c303549cc2bae1e"
  integrity sha1-aj6jmH3W7rgCGy1cnDA1Scwrrh4=

lodash._renative@~2.3.0:
  version "2.3.0"
  resolved "https://registry.yarnpkg.com/lodash._renative/-/lodash._renative-2.3.0.tgz#77d8edd4ced26dd5971f9e15a5f772e4e317fbd3"
  integrity sha1-d9jt1M7SbdWXH54Vpfdy5OMX+9M=

lodash._setbinddata@~2.3.0:
  version "2.3.0"
  resolved "https://registry.yarnpkg.com/lodash._setbinddata/-/lodash._setbinddata-2.3.0.tgz#e5610490acd13277d59858d95b5f2727f1508f04"
  integrity sha1-5WEEkKzRMnfVmFjZW18nJ/FQjwQ=
  dependencies:
    lodash._renative "~2.3.0"
    lodash.noop "~2.3.0"

lodash._shimkeys@~2.3.0:
  version "2.3.0"
  resolved "https://registry.yarnpkg.com/lodash._shimkeys/-/lodash._shimkeys-2.3.0.tgz#611f93149e3e6c721096b48769ef29537ada8ba9"
  integrity sha1-YR+TFJ4+bHIQlrSHae8pU3rai6k=
  dependencies:
    lodash._objecttypes "~2.3.0"

lodash._slice@~2.3.0:
  version "2.3.0"
  resolved "https://registry.yarnpkg.com/lodash._slice/-/lodash._slice-2.3.0.tgz#147198132859972e4680ca29a5992c855669aa5c"
  integrity sha1-FHGYEyhZly5GgMoppZkshVZpqlw=

lodash.bind@~2.3.0:
  version "2.3.0"
  resolved "https://registry.yarnpkg.com/lodash.bind/-/lodash.bind-2.3.0.tgz#c2a8e18b68e5ecc152e2b168266116fea5b016cc"
  integrity sha1-wqjhi2jl7MFS4rFoJmEW/qWwFsw=
  dependencies:
    lodash._createwrapper "~2.3.0"
    lodash._renative "~2.3.0"
    lodash._slice "~2.3.0"

lodash.foreach@2.3.x:
  version "2.3.0"
  resolved "https://registry.yarnpkg.com/lodash.foreach/-/lodash.foreach-2.3.0.tgz#083404c91e846ee77245fdf9d76519c68b2af168"
  integrity sha1-CDQEyR6EbudyRf3512UZxosq8Wg=
  dependencies:
    lodash._basecreatecallback "~2.3.0"
    lodash.forown "~2.3.0"

lodash.forown@~2.3.0:
  version "2.3.0"
  resolved "https://registry.yarnpkg.com/lodash.forown/-/lodash.forown-2.3.0.tgz#24fb4aaf800d45fc2dc60bfec3ce04c836a3ad7f"
  integrity sha1-JPtKr4ANRfwtxgv+w84EyDajrX8=
  dependencies:
    lodash._basecreatecallback "~2.3.0"
    lodash._objecttypes "~2.3.0"
    lodash.keys "~2.3.0"

lodash.identity@~2.3.0:
  version "2.3.0"
  resolved "https://registry.yarnpkg.com/lodash.identity/-/lodash.identity-2.3.0.tgz#6b01a210c9485355c2a913b48b6711219a173ded"
  integrity sha1-awGiEMlIU1XCqRO0i2cRIZoXPe0=

lodash.isfunction@~2.3.0:
  version "2.3.0"
  resolved "https://registry.yarnpkg.com/lodash.isfunction/-/lodash.isfunction-2.3.0.tgz#6b2973e47a647cf12e70d676aea13643706e5267"
  integrity sha1-aylz5HpkfPEucNZ2rqE2Q3BuUmc=

lodash.isobject@~2.3.0:
  version "2.3.0"
  resolved "https://registry.yarnpkg.com/lodash.isobject/-/lodash.isobject-2.3.0.tgz#2e16d3fc583da9831968953f2d8e6d73434f6799"
  integrity sha1-LhbT/Fg9qYMZaJU/LY5tc0NPZ5k=
  dependencies:
    lodash._objecttypes "~2.3.0"

lodash.keys@2.3.x, lodash.keys@~2.3.0:
  version "2.3.0"
  resolved "https://registry.yarnpkg.com/lodash.keys/-/lodash.keys-2.3.0.tgz#b350f4f92caa9f45a4a2ecf018454cf2f28ae253"
  integrity sha1-s1D0+Syqn0WkouzwGEVM8vKK4lM=
  dependencies:
    lodash._renative "~2.3.0"
    lodash._shimkeys "~2.3.0"
    lodash.isobject "~2.3.0"

lodash.noop@~2.3.0:
  version "2.3.0"
  resolved "https://registry.yarnpkg.com/lodash.noop/-/lodash.noop-2.3.0.tgz#3059d628d51bbf937cd2a0b6fc3a7f212a669c2c"
  integrity sha1-MFnWKNUbv5N80qC2/Dp/ISpmnCw=

lodash.support@~2.3.0:
  version "2.3.0"
  resolved "https://registry.yarnpkg.com/lodash.support/-/lodash.support-2.3.0.tgz#7eaf038af4f0d6aab776b44aa6dcfc80334c9bfd"
  integrity sha1-fq8DivTw1qq3drRKptz8gDNMm/0=
  dependencies:
    lodash._renative "~2.3.0"

parse-ms@^2.1.0:
  version "2.1.0"
  resolved "https://registry.yarnpkg.com/parse-ms/-/parse-ms-2.1.0.tgz#348565a753d4391fa524029956b172cb7753097d"
  integrity sha512-kHt7kzLoS9VBZfUsiKjv43mr91ea+U05EyKkEtqp7vNbHxmaVuEqN7XxeEVnGrMtYOAxGrDElSi96K7EgO1zCA==

prettier-config-xo@^1.0.3:
  version "1.0.3"
  resolved "https://registry.yarnpkg.com/prettier-config-xo/-/prettier-config-xo-1.0.3.tgz#48119d35197c34b4801a49ca66b4eaf30f052d4b"
  integrity sha512-9DyoOmSkmgxIzaizEx3zJFPvJ/9kaF9FyLU43LWwZapjM5+UIij0pxlvpNJchXdx0nRSXucyUXHA3cONUI2npg==

prettier@^2.2.1:
  version "2.2.1"
  resolved "https://registry.yarnpkg.com/prettier/-/prettier-2.2.1.tgz#795a1a78dd52f073da0cd42b21f9c91381923ff5"
  integrity sha512-PqyhM2yCjg/oKkFPtTGUojv7gnZAoG80ttl45O6x2Ug/rMJw4wcc9k6aaf2hibP7BGVCCM33gZoGjyvt9mm16Q==

pretty-ms@^7.0.1:
  version "7.0.1"
  resolved "https://registry.yarnpkg.com/pretty-ms/-/pretty-ms-7.0.1.tgz#7d903eaab281f7d8e03c66f867e239dc32fb73e8"
  integrity sha512-973driJZvxiGOQ5ONsFhOF/DtzPMOMtgC11kCpUrPGMTgqp2q/1gwzCquocrN33is0VZ5GFHXZYMM9l6h67v2Q==
  dependencies:
    parse-ms "^2.1.0"

safe-units@^1.1.0:
  version "1.1.0"
  resolved "https://registry.yarnpkg.com/safe-units/-/safe-units-1.1.0.tgz#becd3bc7e641c375977806badfd1fec3b8b6e1ce"
  integrity sha512-WdngV7XDJn7sl+FOestQ79K/YBA7F+jGS8xY4k3v7m6MvLIKMugwFCJC/C+JyZBxnQmt6c0cXRJrYoRTC92i8A==

tslib@^2.0.3:
  version "2.0.3"
  resolved "https://registry.yarnpkg.com/tslib/-/tslib-2.0.3.tgz#8e0741ac45fc0c226e58a17bfc3e64b9bc6ca61c"
  integrity sha512-uZtkfKblCEQtZKBF6EBXVZeQNl82yqtDQdv+eck8u7tdPxjLu2/lp5/uPW+um2tpuxINHWy3GhiccY7QgEaVHQ==

typescript@^4.1.3:
  version "4.1.3"
  resolved "https://registry.yarnpkg.com/typescript/-/typescript-4.1.3.tgz#519d582bd94cba0cf8934c7d8e8467e473f53bb7"
  integrity sha512-B3ZIOf1IKeH2ixgHhj6la6xdwR9QrLC5d1VKeCSY4tvkqhF2eqd9O7txNlS0PO3GrBAFIdr3L1ndNwteUbZLYg==

units-converter@^1.0.3:
  version "1.0.3"
  resolved "https://registry.yarnpkg.com/units-converter/-/units-converter-1.0.3.tgz#c90dfba6582a21981b4cd55a4b30ac58d0b4997a"
  integrity sha512-tcAwnZxH8NUx0T/eltQ2CUZ21jJxLRHF7dkPoYDFdX+W+VHxbvb/aH5xXBa0Cdp1tpyFI6rju+Jnpj9seuudqg==

uom-units@^2.0.0:
  version "2.0.0"
  resolved "https://registry.yarnpkg.com/uom-units/-/uom-units-2.0.0.tgz#0745dbe42d20a1e3224d929a6470bed16df54385"
  integrity sha512-lM+tlqcXFHw5lQaFgDvqkv1t4Upprevs8Glwqnn3Q7J4FHCwF5+52VfxKVG1xiIpoX2R0oG1TYtYmNv7JKpDJA==
  dependencies:
    uom "^6.0.0-0"

uom@^6.0.0, uom@^6.0.0-0:
  version "6.0.0"
  resolved "https://registry.yarnpkg.com/uom/-/uom-6.0.0.tgz#7117c9732e92db5e1dc52bc0cd01975ff39136be"
  integrity sha512-uJantsPDAiVM7cVtnHh1MfD6lRh4mUeyrlsLwsgfK835PU9pscXyedqXL3Dkv34XCS49MZFakOWV8mR1oYDmHg==
