# This file is generated by running "yarn install" inside your project.
# Manual changes might be lost - proceed with caution!

__metadata:
  version: 4
  cacheKey: 8

"@jonahsnider/benchmark@npm:2.0.3":
  version: 2.0.3
  resolution: "@jonahsnider/benchmark@npm:2.0.3"
  checksum: dbf4c8ff538532740351c32d9292eca4d4b8249ed438c0ee28f171820f83e2b7247e20c17bfcab6059b069f888e39720bc6c77f464e48ea3b445bdb176df6249
  languageName: node
  linkType: hard

"@jonahsnider/js-unit-conversion-benchmarks@workspace:.":
  version: 0.0.0-use.local
  resolution: "@jonahsnider/js-unit-conversion-benchmarks@workspace:."
  dependencies:
    "@jonahsnider/benchmark": 2.0.3
    "@jonahsnider/prettier-config": 1.1.0
    "@jonahsnider/util": 8.0.1
    "@lukeed/ms": 2.0.0
    "@types/byte-size": 8.1.0
    "@types/convert-units": 2.3.5
    "@types/js-quantities": 1.6.2
    "@types/luxon": 2.0.5
    "@types/ms": 0.7.31
    "@types/node": 14.17.26
    byte-size: 8.1.0
    convert: 4.2.2
    convert-units: 2.3.4
    dayjs: 1.10.7
    js-quantities: 1.7.6
    luxon: 2.0.2
    moment: 2.29.1
    ms: 2.1.3
    prettier: 2.4.1
    safe-units: 1.1.0
    simple-units: 1.0.0
    tslib: 2.3.1
    typescript: 4.4.4
    uom: 6.0.0
    uom-units: 2.2.0
  languageName: unknown
  linkType: soft

"@jonahsnider/prettier-config@npm:1.1.0":
  version: 1.1.0
  resolution: "@jonahsnider/prettier-config@npm:1.1.0"
  dependencies:
    "@types/prettier": 2.4.1
    prettier-config-xo: 2.0.0
  checksum: 7ff95794438cb2c7f4f794812d2933cd4f7e6958f017452f0ed4aae9ebccab25fc2fefa3a11986f7fa1cb61db2363eaecd59c2f67ac863fade63d643775ce874
  languageName: node
  linkType: hard

"@jonahsnider/util@npm:8.0.1":
  version: 8.0.1
  resolution: "@jonahsnider/util@npm:8.0.1"
  checksum: 01e4295e8ef2e70e5b91891d039290e75cc7621e9d3de382f639d22fd371569f743cd24364f3ecf64d95fa439b5ece28ebce2bf351cf1c1ffd56f26681fb2482
  languageName: node
  linkType: hard

"@lukeed/ms@npm:2.0.0":
  version: 2.0.0
  resolution: "@lukeed/ms@npm:2.0.0"
  checksum: c18f8cc3e67d2f67ee53c3409f48adbf774afd6741760942a95b6fd28cedb3c5bf9b425a5d97c21da8692e657e41a13ac98f54b2a281ed3022eb491edb51bae9
  languageName: node
  linkType: hard

"@types/byte-size@npm:8.1.0":
  version: 8.1.0
  resolution: "@types/byte-size@npm:8.1.0"
  checksum: 1096338db57f01c341a7c548b2635f59a97801d9066fcfc555d8dc3943a7ba219df737dbfc5fd6f875254b167e68953563f8420c22ac493530809b84c4619653
  languageName: node
  linkType: hard

"@types/convert-units@npm:2.3.5":
  version: 2.3.5
  resolution: "@types/convert-units@npm:2.3.5"
  checksum: 326de4dc3d55c9dde47c751fcff5272111391506730c84c982f1d215dd53831d170809995b55d049f43126d37ea980249ee2c7e3c7030e33393f6f0bb2f36059
  languageName: node
  linkType: hard

"@types/js-quantities@npm:1.6.2":
  version: 1.6.2
  resolution: "@types/js-quantities@npm:1.6.2"
  checksum: 34dacda5d2b3bcf131247d76ee624f70db88ae0b750457f54f0acf51d0a34353e3edf9812e31789592887913abda1565c94cd608c25b8639597010f027253252
  languageName: node
  linkType: hard

"@types/luxon@npm:2.0.5":
  version: 2.0.5
  resolution: "@types/luxon@npm:2.0.5"
  checksum: 2d0229ade7e5af3f8633ee491f7417ca5497885b531f2d86db2e1f65686bb43c7e884505ee003af0ebef48c4db30247e2859ba0c830863d36827f3b8ec7299ac
  languageName: node
  linkType: hard

"@types/ms@npm:0.7.31":
  version: 0.7.31
  resolution: "@types/ms@npm:0.7.31"
  checksum: daadd354aedde024cce6f5aa873fefe7b71b22cd0e28632a69e8b677aeb48ae8caa1c60e5919bb781df040d116b01cb4316335167a3fc0ef6a63fa3614c0f6da
  languageName: node
  linkType: hard

"@types/node@npm:14.17.26":
  version: 14.17.26
  resolution: "@types/node@npm:14.17.26"
  checksum: f8d211e6383d23c136e6bce57b5f6bc7da66dd02ad10f64b780c53ece66a208f47b94390e69c34e56ff1cfcbd03727b4495bb303a944f5edbc2f0b553ebc9da7
  languageName: node
  linkType: hard

"@types/prettier@npm:2.4.1":
  version: 2.4.1
  resolution: "@types/prettier@npm:2.4.1"
  checksum: df330c2d6fe7c282839b0f17701e069a9c6c96d2ff54704e933a1b3c1b98844d963a7cb00c5629d173604892ceee802312bbaeb8a97f5da21e13db8f653b519e
  languageName: node
  linkType: hard

"byte-size@npm:8.1.0":
  version: 8.1.0
  resolution: "byte-size@npm:8.1.0"
  checksum: 8395264954f0792b6a9500148473042c5a47932e06c673adbe584ef25e86d6c9bb1490ae275c4d83a41fcfd9b489b5522ee1627cc6f1414e29bd371839cf796e
  languageName: node
  linkType: hard

"cartesian-product-generator@npm:^1.1.1":
  version: 1.1.1
  resolution: "cartesian-product-generator@npm:1.1.1"
  dependencies:
    ind2sub: ^2.0.0
  checksum: bdb0cd2959c217175a60b11f8bab77022f4ad418b96a3841b1a60e143ff4f7a41ad63016c3b8cf644c9cc17a8ce3da3b506c503d3147464c70600b7dc2e9c19e
  languageName: node
  linkType: hard

"convert-units@npm:2.3.4":
  version: 2.3.4
  resolution: "convert-units@npm:2.3.4"
  dependencies:
    lodash.foreach: 2.3.x
    lodash.keys: 2.3.x
  checksum: a693b0434715ff74ae055458326ef7896c849f7d60dfe783da9b15ad533ee4fdd368cbbf17297e8705780c312f5df90deb7a0ee702e39337d736d8cc1be6d96b
  languageName: node
  linkType: hard

"convert@npm:4.2.2":
  version: 4.2.2
  resolution: "convert@npm:4.2.2"
  checksum: ce3967fcd6bd92328b3e5d1550ff306ee57c03a564db241f5c40693ac5b541158af86103543b16e8ea163225a0be85c8b5e301c275c9b86884bd9b542eae69e9
  languageName: node
  linkType: hard

"dayjs@npm:1.10.7":
  version: 1.10.7
  resolution: "dayjs@npm:1.10.7"
  checksum: a0a4ca95abaa03d0702161dc2c35d16121188e342f5052b9c61cdf784dab68af766f477c04f87f71c6af666fd4d13db9b9853b87265850d6093b7b04e1bb1cd7
  languageName: node
  linkType: hard

"ind2sub@npm:^2.0.0":
  version: 2.0.0
  resolution: "ind2sub@npm:2.0.0"
  checksum: 04c828e588f5f98e4d03f82d915e783ed3bfa9729fa6e53d1ade2aa06ba76d88d25f8414b5a6bceb02fd543abc1e2f0ff6a94752dabe5f62ccd7313d13f8a998
  languageName: node
  linkType: hard

"js-quantities@npm:1.7.6":
  version: 1.7.6
  resolution: "js-quantities@npm:1.7.6"
  checksum: ab3ea04650d2581b09540328e4d644576e998de3ec8c67c7fd113ea2e8520a304568120a813d043a8b529243fecb303effacdd3ca0ad9e077394306749bae715
  languageName: node
  linkType: hard

"lodash._basebind@npm:~2.3.0":
  version: 2.3.0
  resolution: "lodash._basebind@npm:2.3.0"
  dependencies:
    lodash._basecreate: ~2.3.0
    lodash._setbinddata: ~2.3.0
    lodash.isobject: ~2.3.0
  checksum: cb5d8645e79971205ae0aa1ba5e8e29210c59f57925c5d7bde8f4e47b727f6eb605ed2066c97090c062b8e2028788b4a3a70ff9e53e9807aea1e5c7f066c3645
  languageName: node
  linkType: hard

"lodash._basecreate@npm:~2.3.0":
  version: 2.3.0
  resolution: "lodash._basecreate@npm:2.3.0"
  dependencies:
    lodash._renative: ~2.3.0
    lodash.isobject: ~2.3.0
    lodash.noop: ~2.3.0
  checksum: b427e1d997fb6cfcd79da1737a65516e4870acfea215ce805ca2e19f06e5edddbba7c01b7084f59f77473e1762addf1f7e7b9f58455decf9e9736e0361e13ceb
  languageName: node
  linkType: hard

"lodash._basecreatecallback@npm:~2.3.0":
  version: 2.3.0
  resolution: "lodash._basecreatecallback@npm:2.3.0"
  dependencies:
    lodash._setbinddata: ~2.3.0
    lodash.bind: ~2.3.0
    lodash.identity: ~2.3.0
    lodash.support: ~2.3.0
  checksum: 4ab2efcdf29f641d36645dff6088d78846fb48f168fb6abc6f24e0a8e1b72079aa9ace3236e0b8a7b2dee363adccb514d97a3bf86871cabd08f0ebe57327db48
  languageName: node
  linkType: hard

"lodash._basecreatewrapper@npm:~2.3.0":
  version: 2.3.0
  resolution: "lodash._basecreatewrapper@npm:2.3.0"
  dependencies:
    lodash._basecreate: ~2.3.0
    lodash._setbinddata: ~2.3.0
    lodash._slice: ~2.3.0
    lodash.isobject: ~2.3.0
  checksum: f12254230f3e815bcf8530f2340d02b0565754d7ce936acc23f090b605d3473919c8ad5ebb485363ecc32a63e9ff55b50eff7cffc281e59371cacea68837093d
  languageName: node
  linkType: hard

"lodash._createwrapper@npm:~2.3.0":
  version: 2.3.0
  resolution: "lodash._createwrapper@npm:2.3.0"
  dependencies:
    lodash._basebind: ~2.3.0
    lodash._basecreatewrapper: ~2.3.0
    lodash.isfunction: ~2.3.0
  checksum: 25fdc5323cc0e3c67858882a51320903d37fa09388d68439fa3505a9ecf42f2062d45086c3bc918605b31b78bf275e8cccff6db36cedd62e24da7c444c53f442
  languageName: node
  linkType: hard

"lodash._objecttypes@npm:~2.3.0":
  version: 2.3.0
  resolution: "lodash._objecttypes@npm:2.3.0"
  checksum: 8b28eb74aa946048b8375e28bf088e00485b3e9b339120242d3914ffd800c6939579ffb81d4c4bcadafeaced5cca0417c1b0861fedca0b3c229cbe481a042622
  languageName: node
  linkType: hard

"lodash._renative@npm:~2.3.0":
  version: 2.3.0
  resolution: "lodash._renative@npm:2.3.0"
  checksum: 6ec62af6aff5399a4d9880fea8ac346ea9ba19a40f51bc7da703c3cc75204fba7a7b2dca026477e90552395e66f9b0629b8c005a3724d7a4592f5a58d8fa1fcc
  languageName: node
  linkType: hard

"lodash._setbinddata@npm:~2.3.0":
  version: 2.3.0
  resolution: "lodash._setbinddata@npm:2.3.0"
  dependencies:
    lodash._renative: ~2.3.0
    lodash.noop: ~2.3.0
  checksum: 11c61e915c610aefa65e20202e7e1b9b1d75d61db053957033011a6f76a76464b1270bd3416855502bf4628ed10005eac992756893f91e2d4d2079afdcf41af2
  languageName: node
  linkType: hard

"lodash._shimkeys@npm:~2.3.0":
  version: 2.3.0
  resolution: "lodash._shimkeys@npm:2.3.0"
  dependencies:
    lodash._objecttypes: ~2.3.0
  checksum: 0e752f88fc28f5fb15cb46ffdc69f09a10cc07d5fa52192c26e3fac049d59b0e027079de557d41805d5d029a5bfb2725d1c1615a56856d64049c49a1e8fc3a7a
  languageName: node
  linkType: hard

"lodash._slice@npm:~2.3.0":
  version: 2.3.0
  resolution: "lodash._slice@npm:2.3.0"
  checksum: 00102f49e50e636572d1a2568e7218fd1f7a302cf0a769d8abeca9ba621a8674fcdb1dbc00d3470da3adc30cbc7a249036bc60d3d2299a5ff50fa38b44c33961
  languageName: node
  linkType: hard

"lodash.bind@npm:~2.3.0":
  version: 2.3.0
  resolution: "lodash.bind@npm:2.3.0"
  dependencies:
    lodash._createwrapper: ~2.3.0
    lodash._renative: ~2.3.0
    lodash._slice: ~2.3.0
  checksum: d30befce8d69514aa86b80a69e79eaf1909a8f5126aa3221f04667682ac3bdf8e7e145e4db1d302da961233ad9c90d2361adf17c5a6fcd233622655c311804a9
  languageName: node
  linkType: hard

"lodash.foreach@npm:2.3.x":
  version: 2.3.0
  resolution: "lodash.foreach@npm:2.3.0"
  dependencies:
    lodash._basecreatecallback: ~2.3.0
    lodash.forown: ~2.3.0
  checksum: ab3a461278f3eccab7f770ff3bdc38886e6a0154423f34134f44303b7bad1490a0cdb067566f9a8d99c74952c72cb0b1d0c995e3ecee0b3ea4063fe74aa1a2df
  languageName: node
  linkType: hard

"lodash.forown@npm:~2.3.0":
  version: 2.3.0
  resolution: "lodash.forown@npm:2.3.0"
  dependencies:
    lodash._basecreatecallback: ~2.3.0
    lodash._objecttypes: ~2.3.0
    lodash.keys: ~2.3.0
  checksum: 7b8836594d6c18194127c44cb8000a62bc224aba2997ebbd01725665aa6f9bdad37745da453eb436e658f05a86c1093e51f5f9b36f521e5ebb6c48a16f498b14
  languageName: node
  linkType: hard

"lodash.identity@npm:~2.3.0":
  version: 2.3.0
  resolution: "lodash.identity@npm:2.3.0"
  checksum: cc22abfbe2251fbb7351d6e8036f06c67eae0e998979b3928b16a8d9cc457b7094e29379aa36531aa07cbc353cb00c51208010f9d0f17b127fdd4e9fa047278d
  languageName: node
  linkType: hard

"lodash.isfunction@npm:~2.3.0":
  version: 2.3.0
  resolution: "lodash.isfunction@npm:2.3.0"
  checksum: ffaf5c3b28b4f3fa9b6b81c190248964203aac12ba5cdd6ae2be47d5e41483f95a59ad5f4e50c9c71287dbe030d9c13fca7d8f0a1aff0da17de666f39230c102
  languageName: node
  linkType: hard

"lodash.isobject@npm:~2.3.0":
  version: 2.3.0
  resolution: "lodash.isobject@npm:2.3.0"
  dependencies:
    lodash._objecttypes: ~2.3.0
  checksum: 184829dd13f8f8d74c214fe8053e3277b271e1c89175ad4b7bec73ad6b0064b773bfaa69388168e404c4ca4e0146df48e7a519a5e660ab46bc11eb0b4db4e870
  languageName: node
  linkType: hard

"lodash.keys@npm:2.3.x, lodash.keys@npm:~2.3.0":
  version: 2.3.0
  resolution: "lodash.keys@npm:2.3.0"
  dependencies:
    lodash._renative: ~2.3.0
    lodash._shimkeys: ~2.3.0
    lodash.isobject: ~2.3.0
  checksum: 26d74c956916affc42159f3a7934cadc82b82b168317e22fe8c1140ccc9d9eca08696349a3ba41d89ef75a3850e312970307bab5b4f9255d9650e71c284682c5
  languageName: node
  linkType: hard

"lodash.noop@npm:~2.3.0":
  version: 2.3.0
  resolution: "lodash.noop@npm:2.3.0"
  checksum: 5399fb5f754cf99c6f222a003610652ed6c61bd59469c15fb44794859a934ad41bb55475cc10d6321bfb77c81293f27a99b0c1bc25938930c8b6976029dcf6de
  languageName: node
  linkType: hard

"lodash.support@npm:~2.3.0":
  version: 2.3.0
  resolution: "lodash.support@npm:2.3.0"
  dependencies:
    lodash._renative: ~2.3.0
  checksum: ae235a4da6e135071a86de5e0adb5e9a91d9997914e4925977c376bcea9e80e1702fd263eec48c21fa2c54880483af666594ad0ee7d53797a11668d5956f3f43
  languageName: node
  linkType: hard

"luxon@npm:2.0.2":
  version: 2.0.2
  resolution: "luxon@npm:2.0.2"
  checksum: eb2e366cf41a129704ae3213e0aea3e1504390af2a84322a5bbb6a22c92d96c7cb70e58b941a109c5e1bfbed51784d08130278feeee6cdf169940af90a68ded5
  languageName: node
  linkType: hard

"moment@npm:2.29.1":
  version: 2.29.1
  resolution: "moment@npm:2.29.1"
  checksum: 1e14d5f422a2687996be11dd2d50c8de3bd577c4a4ca79ba5d02c397242a933e5b941655de6c8cb90ac18f01cc4127e55b4a12ae3c527a6c0a274e455979345e
  languageName: node
  linkType: hard

"ms@npm:2.1.3":
  version: 2.1.3
  resolution: "ms@npm:2.1.3"
  checksum: aa92de608021b242401676e35cfa5aa42dd70cbdc082b916da7fb925c542173e36bce97ea3e804923fe92c0ad991434e4a38327e15a1b5b5f945d66df615ae6d
  languageName: node
  linkType: hard

"prettier-config-xo@npm:2.0.0":
  version: 2.0.0
  resolution: "prettier-config-xo@npm:2.0.0"
  checksum: f5dc2760ee7991b98177789ac080aa720a38f49fcedd01f02acb281f02ecaf2dc9bc604d13ba804f750127df5913d396b8deae661cc8f7e2d422dded6a9b950f
  languageName: node
  linkType: hard

"prettier@npm:2.4.1":
  version: 2.4.1
  resolution: "prettier@npm:2.4.1"
  bin:
    prettier: bin-prettier.js
  checksum: cc6830588b401b0d742862fe9c46bc9118204fb307c3abe0e49e95b35ed23629573807ffdf9cdd65289c252a0bb51fc0171437f6626ee36378dea80f0ee80b91
  languageName: node
  linkType: hard

"safe-units@npm:1.1.0":
  version: 1.1.0
  resolution: "safe-units@npm:1.1.0"
  checksum: 52d445371390bd5b98dbb158e59cb68a905020f250534c033972afe6fb7b69098625266d2245cf86ff1678a469028cc490f4d2bfe639eb6a272e999c3ce182e4
  languageName: node
  linkType: hard

"simple-units@npm:1.0.0":
  version: 1.0.0
  resolution: "simple-units@npm:1.0.0"
  dependencies:
    cartesian-product-generator: ^1.1.1
    sprintf-js: ^1.1.2
  checksum: 8c84213e29a9849e123bb87b83230c2abf84980bbbc191255620792c1a160f60e9a636d14622154ce4a266064b4e02ed64edb6ea33d6bbfbd389548e4a73e030
  languageName: node
  linkType: hard

"simple-units@patch:simple-units@npm:1.0.0#.yarn/patches/simple-units-npm-1.0.0-b24922e9b0::locator=%40jonahsnider%2Fjs-unit-conversion-benchmarks%40workspace%3A.":
  version: 1.0.0
  resolution: "simple-units@patch:simple-units@npm%3A1.0.0#.yarn/patches/simple-units-npm-1.0.0-b24922e9b0::version=1.0.0&hash=3bea9a&locator=%40jonahsnider%2Fjs-unit-conversion-benchmarks%40workspace%3A."
  dependencies:
    cartesian-product-generator: ^1.1.1
    sprintf-js: ^1.1.2
  checksum: 4d78f1625c294816ef5bfb66d02ea8d82d44eee5b05d7a09cca3cbe6f3329779d73f7443196ab68b1b769b499af7d4f085f302be2a207de75a13998bbbf2ceef
  languageName: node
  linkType: hard

"sprintf-js@npm:^1.1.2":
  version: 1.1.2
  resolution: "sprintf-js@npm:1.1.2"
  checksum: d4bb46464632b335e5faed381bd331157e0af64915a98ede833452663bc672823db49d7531c32d58798e85236581fb7342fd0270531ffc8f914e186187bf1c90
  languageName: node
  linkType: hard

"tslib@npm:2.3.1":
  version: 2.3.1
  resolution: "tslib@npm:2.3.1"
  checksum: de17a98d4614481f7fcb5cd53ffc1aaf8654313be0291e1bfaee4b4bb31a20494b7d218ff2e15017883e8ea9626599b3b0e0229c18383ba9dce89da2adf15cb9
  languageName: node
  linkType: hard

typescript@4.4.4:
  version: 4.4.4
  resolution: "typescript@npm:4.4.4"
  bin:
    tsc: bin/tsc
    tsserver: bin/tsserver
  checksum: 89ecb8436bb48ef5594d49289f5f89103071716b6e4844278f4fb3362856e31203e187a9c76d205c3f0b674d221a058fd28310dbcbcf5d95e9a57229bb5203f1
  languageName: node
  linkType: hard

"typescript@patch:typescript@4.4.4#~builtin<compat/typescript>":
  version: 4.4.4
  resolution: "typescript@patch:typescript@npm%3A4.4.4#~builtin<compat/typescript>::version=4.4.4&hash=32657b"
  bin:
    tsc: bin/tsc
    tsserver: bin/tsserver
  checksum: c97c33903f1eb4f9e178649befdfc859d93157db1eccd1e521e84976ec6861db53412d8018e5e4c5d09268771c65498d42caa64bd881878346c3644f6b7cd202
  languageName: node
  linkType: hard

"uom-units@npm:2.2.0":
  version: 2.2.0
  resolution: "uom-units@npm:2.2.0"
  dependencies:
    uom: ^6.0.0
  checksum: 21926c26749e071b6a9f83bbce855fe2cf809ad7735ab716b8c4a7728b297d0c94eab417b122b881dc5250d90bddb7fdefba29018d28fa4e9eb3447a42836a7a
  languageName: node
  linkType: hard

"uom@npm:6.0.0, uom@npm:^6.0.0":
  version: 6.0.0
  resolution: "uom@npm:6.0.0"
  checksum: 949ae7b873883f0ad00f5546c2a2e7c8955ef7dabd663aaf30ddb0631ebc8a7d961bba12424a131d18df0a65c10a280f6d20729bbde69bba0c1821dc47fb68fc
  languageName: node
  linkType: hard
